# This file is automatically @generated by Poetry and should not be changed by hand.

[[package]]
name = "docopt"
version = "0.6.2"
description = "Pythonic argument parser, that will make you smile"
category = "main"
optional = false
python-versions = "*"
files = [
    {file = "docopt-0.6.2.tar.gz", hash = "sha256:49b3a825280bd66b3aa83585ef59c4a8c82f2c8a522dbe754a8bc8d08c85c491"},
]

[metadata]
lock-version = "2.0"
python-versions = "*"
content-hash = "e6e6d50ed6973adfb6a232f50205201becb9bcea40204e9e1f3c2ad3bd0f4d4f"
